{
  "requires": true,
  "lockfileVersion": 1,
  "dependencies": {
    "keyboardjs": {
      "version": "2.6.4",
      "resolved": "https://registry.npmjs.org/keyboardjs/-/keyboardjs-2.6.4.tgz",
      "integrity": "sha512-xDiNwiwH3KUqap++RFJiLAXzbvRB5Yw08xliuceOgLhM1o7g1puKKR9vWy6wp9H/Bi4VP0+SQMpiWXMWWmR6rA=="
    }
  }
}
